{
  "object": {
    "pins": [
      {
        "package": "PromiseKit",
        "repositoryURL": "https://github.com/mxcl/PromiseKit.git",
        "state": {
          "branch": null,
          "revision": "2bc44395edb4f8391902a9ff7c220471882a4d07",
          "version": "8.2.0"
        }
      }
    ]
  },
  "version": 1
}
